<Solution>
  <Project Path="TicketFlow.AnalyticsService/TicketFlow.AnalyticsService.csproj" />
  <Project Path="TicketFlow.AuthService.Tests/TicketFlow.AuthService.Tests.csproj" />
  <Project Path="TicketFlow.AuthService/TicketFlow.AuthService.csproj" />
  <Project Path="TicketFlow.Contracts/TicketFlow.Contracts.csproj" />
  <Project Path="TicketFlow.EventService.Tests/TicketFlow.EventService.Tests.csproj" />
  <Project Path="TicketFlow.EventService/TicketFlow.EventService.csproj" />
  <Project Path="TicketFlow.Gateway.Tests/TicketFlow.Gateway.Tests.csproj" />
  <Project Path="TicketFlow.Gateway/TicketFlow.Gateway.csproj" />
  <Project Path="TicketFlow.ReservationService.Tests/TicketFlow.ReservationService.Tests.csproj" />
  <Project Path="TicketFlow.ReservationService/TicketFlow.ReservationService.csproj" />
  <Project Path="TicketFlow.TicketWorker.Tests/TicketFlow.TicketWorker.Tests.csproj" />
  <Project Path="TicketFlow.TicketWorker/TicketFlow.TicketWorker.csproj" />
</Solution>
